
Microsoft Visual Studio Solution File, Format Version 12.00
# Visual Studio Version 16
VisualStudioVersion = 16.0.28803.202
MinimumVisualStudioVersion = 10.0.40219.1
Project("{888888A0-9F3D-457C-B088-3A5042F75D52}") = "Quiz", "Quiz.pyproj", "{0A672AAC-8A29-48E5-A804-A45B905B9DB0}"
EndProject
Global
	GlobalSection(SolutionConfigurationPlatforms) = preSolution
		Debug|Any CPU = Debug|Any CPU
		Release|Any CPU = Release|Any CPU
	EndGlobalSection
	GlobalSection(ProjectConfigurationPlatforms) = postSolution
		{0A672AAC-8A29-48E5-A804-A45B905B9DB0}.Debug|Any CPU.ActiveCfg = Debug|Any CPU
		{0A672AAC-8A29-48E5-A804-A45B905B9DB0}.Release|Any CPU.ActiveCfg = Release|Any CPU
	EndGlobalSection
	GlobalSection(SolutionProperties) = preSolution
		HideSolutionNode = FALSE
	EndGlobalSection
	GlobalSection(ExtensibilityGlobals) = postSolution
		SolutionGuid = {4BA4376E-030B-49BD-A006-B95EA9BF9AA0}
	EndGlobalSection
EndGlobal
